speakeasyVersion: 1.622.1
sources:
    my-source:
        sourceNamespace: my-source
        sourceRevisionDigest: sha256:0b9c16cb82d8333abb61cf63e3ca134462980b3e5ea9628c87d6a5fa7a849bf7
        sourceBlobDigest: sha256:a84e41459a6d5f8027f58a32509d12b414796706ca1a95dc06cf138b049dd590
        tags:
            - latest
            - speakeasy-sdk-regen-1756685094
            - 0.0.1
targets:
    cloud-sdk-unity:
        source: my-source
        sourceNamespace: my-source
        sourceRevisionDigest: sha256:0b9c16cb82d8333abb61cf63e3ca134462980b3e5ea9628c87d6a5fa7a849bf7
        sourceBlobDigest: sha256:a84e41459a6d5f8027f58a32509d12b414796706ca1a95dc06cf138b049dd590
        codeSamplesNamespace: code-samples-unity-cloud-sdk-unity
        codeSamplesRevisionDigest: sha256:902dc54bc2d970ec983d1c3d72172cc8f9b213c7e89346f1aab995c2a7f755ed
workflow:
    workflowVersion: 1.0.0
    speakeasyVersion: latest
    sources:
        my-source:
            inputs:
                - location: https://hathora.dev/swagger.json
            overlays:
                - location: overlay.yaml
            registry:
                location: registry.speakeasyapi.dev/hathora/hathora/my-source
    targets:
        cloud-sdk-unity:
            target: unity
            source: my-source
            output: .
            codeSamples:
                output: codeSamples.yaml
                registry:
                    location: registry.speakeasyapi.dev/hathora/hathora/code-samples-unity-cloud-sdk-unity
