speakeasyVersion: 1.498.1
sources:
    my-source:
        sourceNamespace: my-source
        sourceRevisionDigest: sha256:b11c42f7118c36dde2ee409b56b75aa304db7e826f448afa8618ec6e9c9ab94e
        sourceBlobDigest: sha256:460e9ce3ab0b9d0fe50287a54cd3294c5063091bfd8493f76360c05f67a6ee02
        tags:
            - latest
            - speakeasy-sdk-regen-1726531387
            - 0.0.1
targets:
    cloud-sdk-unity:
        source: my-source
        sourceNamespace: my-source
        sourceRevisionDigest: sha256:b11c42f7118c36dde2ee409b56b75aa304db7e826f448afa8618ec6e9c9ab94e
        sourceBlobDigest: sha256:460e9ce3ab0b9d0fe50287a54cd3294c5063091bfd8493f76360c05f67a6ee02
        codeSamplesNamespace: code-samples-unity-cloud-sdk-unity
        codeSamplesRevisionDigest: sha256:88ceee19cd2cc644fa86d47de5cd5f6ce57aa957d811a374f691f66d1f7448f1
workflow:
    workflowVersion: 1.0.0
    speakeasyVersion: latest
    sources:
        my-source:
            inputs:
                - location: https://hathora.dev/swagger.json
            overlays:
                - location: overlay.yaml
            registry:
                location: registry.speakeasyapi.dev/hathora/hathora/my-source
    targets:
        cloud-sdk-unity:
            target: unity
            source: my-source
            output: .
            codeSamples:
                output: codeSamples.yaml
                registry:
                    location: registry.speakeasyapi.dev/hathora/hathora/code-samples-unity-cloud-sdk-unity
