speakeasyVersion: 1.762.0
sources:
    my-source:
        sourceNamespace: my-source
        sourceRevisionDigest: sha256:26c3f814a54828d631ac2227260d7eefb5be784beb3ce522e1dfb5c3e5641809
        sourceBlobDigest: sha256:2087697ac2a5ba5e2ff8daad72df70a847e32ba2d53ec2fd780cb40b35c4b1c0
        tags:
            - latest
            - 0.0.1
targets:
    cloud-sdk-unity:
        source: my-source
        sourceNamespace: my-source
        sourceRevisionDigest: sha256:26c3f814a54828d631ac2227260d7eefb5be784beb3ce522e1dfb5c3e5641809
        sourceBlobDigest: sha256:2087697ac2a5ba5e2ff8daad72df70a847e32ba2d53ec2fd780cb40b35c4b1c0
        codeSamplesNamespace: code-samples-unity-cloud-sdk-unity
        codeSamplesRevisionDigest: sha256:381061a059de02e4f3fb74c9df651f20e10b6d4229ff92ab49ec4864e9b9677e
workflow:
    workflowVersion: 1.0.0
    speakeasyVersion: latest
    sources:
        my-source:
            inputs:
                - location: https://hathora.dev/swagger.json
            overlays:
                - location: overlay.yaml
            registry:
                location: registry.speakeasyapi.dev/hathora/hathora/my-source
    targets:
        cloud-sdk-unity:
            target: unity
            source: my-source
            output: .
            codeSamples:
                output: codeSamples.yaml
                registry:
                    location: registry.speakeasyapi.dev/hathora/hathora/code-samples-unity-cloud-sdk-unity
